// !$*UTF8*$!
{
	archiveVersion = 1;
	classes = {
	};
	objectVersion = 50;
	objects = {

/* Begin PBXBuildFile section */
		2801A2802341355600DF0F22 /* Localizable.strings in Resources */ = {isa = PBXBuildFile; fileRef = 2801A27F2341355600DF0F22 /* Localizable.strings */; };
		2829B9B8233FD23200F50AC8 /* AppDelegate.swift in Sources */ = {isa = PBXBuildFile; fileRef = 2829B9B7233FD23200F50AC8 /* AppDelegate.swift */; };
		2829B9BA233FD23200F50AC8 /* ViewController.swift in Sources */ = {isa = PBXBuildFile; fileRef = 2829B9B9233FD23200F50AC8 /* ViewController.swift */; };
		2829B9BD233FD23200F50AC8 /* Main.storyboard in Resources */ = {isa = PBXBuildFile; fileRef = 2829B9BB233FD23200F50AC8 /* Main.storyboard */; };
		2829B9BF233FD23300F50AC8 /* Assets.xcassets in Resources */ = {isa = PBXBuildFile; fileRef = 2829B9BE233FD23300F50AC8 /* Assets.xcassets */; };
		2829B9C2233FD23300F50AC8 /* LaunchScreen.storyboard in Resources */ = {isa = PBXBuildFile; fileRef = 2829B9C0233FD23300F50AC8 /* LaunchScreen.storyboard */; };
		2829B9CD233FD23300F50AC8 /* QuizChallengeTests.swift in Sources */ = {isa = PBXBuildFile; fileRef = 2829B9CC233FD23300F50AC8 /* QuizChallengeTests.swift */; };
		2829B9D9233FDF3800F50AC8 /* MainViewModel.swift in Sources */ = {isa = PBXBuildFile; fileRef = 2829B9D8233FDF3800F50AC8 /* MainViewModel.swift */; };
		2829B9DC2340022500F50AC8 /* RequestManager.swift in Sources */ = {isa = PBXBuildFile; fileRef = 2829B9DB2340022500F50AC8 /* RequestManager.swift */; };
/* End PBXBuildFile section */

/* Begin PBXContainerItemProxy section */
		2829B9C9233FD23300F50AC8 /* PBXContainerItemProxy */ = {
			isa = PBXContainerItemProxy;
			containerPortal = 2829B9AC233FD23200F50AC8 /* Project object */;
			proxyType = 1;
			remoteGlobalIDString = 2829B9B3233FD23200F50AC8;
			remoteInfo = QuizChallenge;
		};
/* End PBXContainerItemProxy section */

/* Begin PBXFileReference section */
		2801A27F2341355600DF0F22 /* Localizable.strings */ = {isa = PBXFileReference; lastKnownFileType = text.plist.strings; path = Localizable.strings; sourceTree = "<group>"; };
		2829B9B4233FD23200F50AC8 /* QuizChallenge.app */ = {isa = PBXFileReference; explicitFileType = wrapper.application; includeInIndex = 0; path = QuizChallenge.app; sourceTree = BUILT_PRODUCTS_DIR; };
		2829B9B7233FD23200F50AC8 /* AppDelegate.swift */ = {isa = PBXFileReference; lastKnownFileType = sourcecode.swift; path = AppDelegate.swift; sourceTree = "<group>"; };
		2829B9B9233FD23200F50AC8 /* ViewController.swift */ = {isa = PBXFileReference; lastKnownFileType = sourcecode.swift; path = ViewController.swift; sourceTree = "<group>"; };
		2829B9BC233FD23200F50AC8 /* Base */ = {isa = PBXFileReference; lastKnownFileType = file.storyboard; name = Base; path = Base.lproj/Main.storyboard; sourceTree = "<group>"; };
		2829B9BE233FD23300F50AC8 /* Assets.xcassets */ = {isa = PBXFileReference; lastKnownFileType = folder.assetcatalog; path = Assets.xcassets; sourceTree = "<group>"; };
		2829B9C1233FD23300F50AC8 /* Base */ = {isa = PBXFileReference; lastKnownFileType = file.storyboard; name = Base; path = Base.lproj/LaunchScreen.storyboard; sourceTree = "<group>"; };
		2829B9C3233FD23300F50AC8 /* Info.plist */ = {isa = PBXFileReference; lastKnownFileType = text.plist.xml; path = Info.plist; sourceTree = "<group>"; };
		2829B9C8233FD23300F50AC8 /* QuizChallengeTests.xctest */ = {isa = PBXFileReference; explicitFileType = wrapper.cfbundle; includeInIndex = 0; path = QuizChallengeTests.xctest; sourceTree = BUILT_PRODUCTS_DIR; };
		2829B9CC233FD23300F50AC8 /* QuizChallengeTests.swift */ = {isa = PBXFileReference; lastKnownFileType = sourcecode.swift; path = QuizChallengeTests.swift; sourceTree = "<group>"; };
		2829B9CE233FD23300F50AC8 /* Info.plist */ = {isa = PBXFileReference; lastKnownFileType = text.plist.xml; path = Info.plist; sourceTree = "<group>"; };
		2829B9D8233FDF3800F50AC8 /* MainViewModel.swift */ = {isa = PBXFileReference; lastKnownFileType = sourcecode.swift; path = MainViewModel.swift; sourceTree = "<group>"; };
		2829B9DB2340022500F50AC8 /* RequestManager.swift */ = {isa = PBXFileReference; lastKnownFileType = sourcecode.swift; path = RequestManager.swift; sourceTree = "<group>"; };
/* End PBXFileReference section */

/* Begin PBXFrameworksBuildPhase section */
		2829B9B1233FD23200F50AC8 /* Frameworks */ = {
			isa = PBXFrameworksBuildPhase;
			buildActionMask = 2147483647;
			files = (
			);
			runOnlyForDeploymentPostprocessing = 0;
		};
		2829B9C5233FD23300F50AC8 /* Frameworks */ = {
			isa = PBXFrameworksBuildPhase;
			buildActionMask = 2147483647;
			files = (
			);
			runOnlyForDeploymentPostprocessing = 0;
		};
/* End PBXFrameworksBuildPhase section */

/* Begin PBXGroup section */
		2829B9AB233FD23200F50AC8 = {
			isa = PBXGroup;
			children = (
				2829B9B6233FD23200F50AC8 /* QuizChallenge */,
				2829B9CB233FD23300F50AC8 /* QuizChallengeTests */,
				2829B9B5233FD23200F50AC8 /* Products */,
			);
			sourceTree = "<group>";
		};
		2829B9B5233FD23200F50AC8 /* Products */ = {
			isa = PBXGroup;
			children = (
				2829B9B4233FD23200F50AC8 /* QuizChallenge.app */,
				2829B9C8233FD23300F50AC8 /* QuizChallengeTests.xctest */,
			);
			name = Products;
			sourceTree = "<group>";
		};
		2829B9B6233FD23200F50AC8 /* QuizChallenge */ = {
			isa = PBXGroup;
			children = (
				2829B9DE2340049E00F50AC8 /* View */,
				2829B9DD2340048E00F50AC8 /* Controller */,
				2829B9DA2340021100F50AC8 /* Service */,
				2829B9D7233FDF1A00F50AC8 /* ViewModel */,
				2829B9B7233FD23200F50AC8 /* AppDelegate.swift */,
				2829B9BE233FD23300F50AC8 /* Assets.xcassets */,
				2829B9C0233FD23300F50AC8 /* LaunchScreen.storyboard */,
				2829B9C3233FD23300F50AC8 /* Info.plist */,
				2801A27F2341355600DF0F22 /* Localizable.strings */,
			);
			path = QuizChallenge;
			sourceTree = "<group>";
		};
		2829B9CB233FD23300F50AC8 /* QuizChallengeTests */ = {
			isa = PBXGroup;
			children = (
				2829B9CC233FD23300F50AC8 /* QuizChallengeTests.swift */,
				2829B9CE233FD23300F50AC8 /* Info.plist */,
			);
			path = QuizChallengeTests;
			sourceTree = "<group>";
		};
		2829B9D7233FDF1A00F50AC8 /* ViewModel */ = {
			isa = PBXGroup;
			children = (
				2829B9D8233FDF3800F50AC8 /* MainViewModel.swift */,
			);
			path = ViewModel;
			sourceTree = "<group>";
		};
		2829B9DA2340021100F50AC8 /* Service */ = {
			isa = PBXGroup;
			children = (
				2829B9DB2340022500F50AC8 /* RequestManager.swift */,
			);
			path = Service;
			sourceTree = "<group>";
		};
		2829B9DD2340048E00F50AC8 /* Controller */ = {
			isa = PBXGroup;
			children = (
				2829B9B9233FD23200F50AC8 /* ViewController.swift */,
			);
			path = Controller;
			sourceTree = "<group>";
		};
		2829B9DE2340049E00F50AC8 /* View */ = {
			isa = PBXGroup;
			children = (
				2829B9BB233FD23200F50AC8 /* Main.storyboard */,
			);
			path = View;
			sourceTree = "<group>";
		};
/* End PBXGroup section */

/* Begin PBXNativeTarget section */
		2829B9B3233FD23200F50AC8 /* QuizChallenge */ = {
			isa = PBXNativeTarget;
			buildConfigurationList = 2829B9D1233FD23300F50AC8 /* Build configuration list for PBXNativeTarget "QuizChallenge" */;
			buildPhases = (
				2829B9B0233FD23200F50AC8 /* Sources */,
				2829B9B1233FD23200F50AC8 /* Frameworks */,
				2829B9B2233FD23200F50AC8 /* Resources */,
			);
			buildRules = (
			);
			dependencies = (
			);
			name = QuizChallenge;
			productName = QuizChallenge;
			productReference = 2829B9B4233FD23200F50AC8 /* QuizChallenge.app */;
			productType = "com.apple.product-type.application";
		};
		2829B9C7233FD23300F50AC8 /* QuizChallengeTests */ = {
			isa = PBXNativeTarget;
			buildConfigurationList = 2829B9D4233FD23300F50AC8 /* Build configuration list for PBXNativeTarget "QuizChallengeTests" */;
			buildPhases = (
				2829B9C4233FD23300F50AC8 /* Sources */,
				2829B9C5233FD23300F50AC8 /* Frameworks */,
				2829B9C6233FD23300F50AC8 /* Resources */,
			);
			buildRules = (
			);
			dependencies = (
				2829B9CA233FD23300F50AC8 /* PBXTargetDependency */,
			);
			name = QuizChallengeTests;
			productName = QuizChallengeTests;
			productReference = 2829B9C8233FD23300F50AC8 /* QuizChallengeTests.xctest */;
			productType = "com.apple.product-type.bundle.unit-test";
		};
/* End PBXNativeTarget section */

/* Begin PBXProject section */
		2829B9AC233FD23200F50AC8 /* Project object */ = {
			isa = PBXProject;
			attributes = {
				LastSwiftUpdateCheck = 1010;
				LastUpgradeCheck = 1010;
				ORGANIZATIONNAME = "Julio Andherson de Oliveira Silva";
				TargetAttributes = {
					2829B9B3233FD23200F50AC8 = {
						CreatedOnToolsVersion = 10.1;
					};
					2829B9C7233FD23300F50AC8 = {
						CreatedOnToolsVersion = 10.1;
						TestTargetID = 2829B9B3233FD23200F50AC8;
					};
				};
			};
			buildConfigurationList = 2829B9AF233FD23200F50AC8 /* Build configuration list for PBXProject "QuizChallenge" */;
			compatibilityVersion = "Xcode 9.3";
			developmentRegion = en;
			hasScannedForEncodings = 0;
			knownRegions = (
				en,
				Base,
			);
			mainGroup = 2829B9AB233FD23200F50AC8;
			productRefGroup = 2829B9B5233FD23200F50AC8 /* Products */;
			projectDirPath = "";
			projectRoot = "";
			targets = (
				2829B9B3233FD23200F50AC8 /* QuizChallenge */,
				2829B9C7233FD23300F50AC8 /* QuizChallengeTests */,
			);
		};
/* End PBXProject section */

/* Begin PBXResourcesBuildPhase section */
		2829B9B2233FD23200F50AC8 /* Resources */ = {
			isa = PBXResourcesBuildPhase;
			buildActionMask = 2147483647;
			files = (
				2801A2802341355600DF0F22 /* Localizable.strings in Resources */,
				2829B9C2233FD23300F50AC8 /* LaunchScreen.storyboard in Resources */,
				2829B9BF233FD23300F50AC8 /* Assets.xcassets in Resources */,
				2829B9BD233FD23200F50AC8 /* Main.storyboard in Resources */,
			);
			runOnlyForDeploymentPostprocessing = 0;
		};
		2829B9C6233FD23300F50AC8 /* Resources */ = {
			isa = PBXResourcesBuildPhase;
			buildActionMask = 2147483647;
			files = (
			);
			runOnlyForDeploymentPostprocessing = 0;
		};
/* End PBXResourcesBuildPhase section */

/* Begin PBXSourcesBuildPhase section */
		2829B9B0233FD23200F50AC8 /* Sources */ = {
			isa = PBXSourcesBuildPhase;
			buildActionMask = 2147483647;
			files = (
				2829B9BA233FD23200F50AC8 /* ViewController.swift in Sources */,
				2829B9B8233FD23200F50AC8 /* AppDelegate.swift in Sources */,
				2829B9D9233FDF3800F50AC8 /* MainViewModel.swift in Sources */,
				2829B9DC2340022500F50AC8 /* RequestManager.swift in Sources */,
			);
			runOnlyForDeploymentPostprocessing = 0;
		};
		2829B9C4233FD23300F50AC8 /* Sources */ = {
			isa = PBXSourcesBuildPhase;
			buildActionMask = 2147483647;
			files = (
				2829B9CD233FD23300F50AC8 /* QuizChallengeTests.swift in Sources */,
			);
			runOnlyForDeploymentPostprocessing = 0;
		};
/* End PBXSourcesBuildPhase section */

/* Begin PBXTargetDependency section */
		2829B9CA233FD23300F50AC8 /* PBXTargetDependency */ = {
			isa = PBXTargetDependency;
			target = 2829B9B3233FD23200F50AC8 /* QuizChallenge */;
			targetProxy = 2829B9C9233FD23300F50AC8 /* PBXContainerItemProxy */;
		};
/* End PBXTargetDependency section */

/* Begin PBXVariantGroup section */
		2829B9BB233FD23200F50AC8 /* Main.storyboard */ = {
			isa = PBXVariantGroup;
			children = (
				2829B9BC233FD23200F50AC8 /* Base */,
			);
			name = Main.storyboard;
			sourceTree = "<group>";
		};
		2829B9C0233FD23300F50AC8 /* LaunchScreen.storyboard */ = {
			isa = PBXVariantGroup;
			children = (
				2829B9C1233FD23300F50AC8 /* Base */,
			);
			name = LaunchScreen.storyboard;
			sourceTree = "<group>";
		};
/* End PBXVariantGroup section */

/* Begin XCBuildConfiguration section */
		2829B9CF233FD23300F50AC8 /* Debug */ = {
			isa = XCBuildConfiguration;
			buildSettings = {
				ALWAYS_SEARCH_USER_PATHS = NO;
				CLANG_ANALYZER_NONNULL = YES;
				CLANG_ANALYZER_NUMBER_OBJECT_CONVERSION = YES_AGGRESSIVE;
				CLANG_CXX_LANGUAGE_STANDARD = "gnu++14";
				CLANG_CXX_LIBRARY = "libc++";
				CLANG_ENABLE_MODULES = YES;
				CLANG_ENABLE_OBJC_ARC = YES;
				CLANG_ENABLE_OBJC_WEAK = YES;
				CLANG_WARN_BLOCK_CAPTURE_AUTORELEASING = YES;
				CLANG_WARN_BOOL_CONVERSION = YES;
				CLANG_WARN_COMMA = YES;
				CLANG_WARN_CONSTANT_CONVERSION = YES;
				CLANG_WARN_DEPRECATED_OBJC_IMPLEMENTATIONS = YES;
				CLANG_WARN_DIRECT_OBJC_ISA_USAGE = YES_ERROR;
				CLANG_WARN_DOCUMENTATION_COMMENTS = YES;
				CLANG_WARN_EMPTY_BODY = YES;
				CLANG_WARN_ENUM_CONVERSION = YES;
				CLANG_WARN_INFINITE_RECURSION = YES;
				CLANG_WARN_INT_CONVERSION = YES;
				CLANG_WARN_NON_LITERAL_NULL_CONVERSION = YES;
				CLANG_WARN_OBJC_IMPLICIT_RETAIN_SELF = YES;
				CLANG_WARN_OBJC_LITERAL_CONVERSION = YES;
				CLANG_WARN_OBJC_ROOT_CLASS = YES_ERROR;
				CLANG_WARN_RANGE_LOOP_ANALYSIS = YES;
				CLANG_WARN_STRICT_PROTOTYPES = YES;
				CLANG_WARN_SUSPICIOUS_MOVE = YES;
				CLANG_WARN_UNGUARDED_AVAILABILITY = YES_AGGRESSIVE;
				CLANG_WARN_UNREACHABLE_CODE = YES;
				CLANG_WARN__DUPLICATE_METHOD_MATCH = YES;
				CODE_SIGN_IDENTITY = "iPhone Developer";
				COPY_PHASE_STRIP = NO;
				DEBUG_INFORMATION_FORMAT = dwarf;
				ENABLE_STRICT_OBJC_MSGSEND = YES;
				ENABLE_TESTABILITY = YES;
				GCC_C_LANGUAGE_STANDARD = gnu11;
				GCC_DYNAMIC_NO_PIC = NO;
				GCC_NO_COMMON_BLOCKS = YES;
				GCC_OPTIMIZATION_LEVEL = 0;
				GCC_PREPROCESSOR_DEFINITIONS = (
					"DEBUG=1",
					"$(inherited)",
				);
				GCC_WARN_64_TO_32_BIT_CONVERSION = YES;
				GCC_WARN_ABOUT_RETURN_TYPE = YES_ERROR;
				GCC_WARN_UNDECLARED_SELECTOR = YES;
				GCC_WARN_UNINITIALIZED_AUTOS = YES_AGGRESSIVE;
				GCC_WARN_UNUSED_FUNCTION = YES;
				GCC_WARN_UNUSED_VARIABLE = YES;
				IPHONEOS_DEPLOYMENT_TARGET = 12.1;
				MTL_ENABLE_DEBUG_INFO = INCLUDE_SOURCE;
				MTL_FAST_MATH = YES;
				ONLY_ACTIVE_ARCH = YES;
				SDKROOT = iphoneos;
				SWIFT_ACTIVE_COMPILATION_CONDITIONS = DEBUG;
				SWIFT_OPTIMIZATION_LEVEL = "-Onone";
			};
			name = Debug;
		};
		2829B9D0233FD23300F50AC8 /* Release */ = {
			isa = XCBuildConfiguration;
			buildSettings = {
				ALWAYS_SEARCH_USER_PATHS = NO;
				CLANG_ANALYZER_NONNULL = YES;
				CLANG_ANALYZER_NUMBER_OBJECT_CONVERSION = YES_AGGRESSIVE;
				CLANG_CXX_LANGUAGE_STANDARD = "gnu++14";
				CLANG_CXX_LIBRARY = "libc++";
				CLANG_ENABLE_MODULES = YES;
				CLANG_ENABLE_OBJC_ARC = YES;
				CLANG_ENABLE_OBJC_WEAK = YES;
				CLANG_WARN_BLOCK_CAPTURE_AUTORELEASING = YES;
				CLANG_WARN_BOOL_CONVERSION = YES;
				CLANG_WARN_COMMA = YES;
				CLANG_WARN_CONSTANT_CONVERSION = YES;
				CLANG_WARN_DEPRECATED_OBJC_IMPLEMENTATIONS = YES;
				CLANG_WARN_DIRECT_OBJC_ISA_USAGE = YES_ERROR;
				CLANG_WARN_DOCUMENTATION_COMMENTS = YES;
				CLANG_WARN_EMPTY_BODY = YES;
				CLANG_WARN_ENUM_CONVERSION = YES;
				CLANG_WARN_INFINITE_RECURSION = YES;
				CLANG_WARN_INT_CONVERSION = YES;
				CLANG_WARN_NON_LITERAL_NULL_CONVERSION = YES;
				CLANG_WARN_OBJC_IMPLICIT_RETAIN_SELF = YES;
				CLANG_WARN_OBJC_LITERAL_CONVERSION = YES;
				CLANG_WARN_OBJC_ROOT_CLASS = YES_ERROR;
				CLANG_WARN_RANGE_LOOP_ANALYSIS = YES;
				CLANG_WARN_STRICT_PROTOTYPES = YES;
				CLANG_WARN_SUSPICIOUS_MOVE = YES;
				CLANG_WARN_UNGUARDED_AVAILABILITY = YES_AGGRESSIVE;
				CLANG_WARN_UNREACHABLE_CODE = YES;
				CLANG_WARN__DUPLICATE_METHOD_MATCH = YES;
				CODE_SIGN_IDENTITY = "iPhone Developer";
				COPY_PHASE_STRIP = NO;
				DEBUG_INFORMATION_FORMAT = "dwarf-with-dsym";
				ENABLE_NS_ASSERTIONS = NO;
				ENABLE_STRICT_OBJC_MSGSEND = YES;
				GCC_C_LANGUAGE_STANDARD = gnu11;
				GCC_NO_COMMON_BLOCKS = YES;
				GCC_WARN_64_TO_32_BIT_CONVERSION = YES;
				GCC_WARN_ABOUT_RETURN_TYPE = YES_ERROR;
				GCC_WARN_UNDECLARED_SELECTOR = YES;
				GCC_WARN_UNINITIALIZED_AUTOS = YES_AGGRESSIVE;
				GCC_WARN_UNUSED_FUNCTION = YES;
				GCC_WARN_UNUSED_VARIABLE = YES;
				IPHONEOS_DEPLOYMENT_TARGET = 12.1;
				MTL_ENABLE_DEBUG_INFO = NO;
				MTL_FAST_MATH = YES;
				SDKROOT = iphoneos;
				SWIFT_COMPILATION_MODE = wholemodule;
				SWIFT_OPTIMIZATION_LEVEL = "-O";
				VALIDATE_PRODUCT = YES;
			};
			name = Release;
		};
		2829B9D2233FD23300F50AC8 /* Debug */ = {
			isa = XCBuildConfiguration;
			buildSettings = {
				ASSETCATALOG_COMPILER_APPICON_NAME = AppIcon;
				CODE_SIGN_STYLE = Automatic;
				INFOPLIST_FILE = QuizChallenge/Info.plist;
				LD_RUNPATH_SEARCH_PATHS = (
					"$(inherited)",
					"@executable_path/Frameworks",
				);
				PRODUCT_BUNDLE_IDENTIFIER = com.julio.QuizChallenge;
				PRODUCT_NAME = "$(TARGET_NAME)";
				SWIFT_VERSION = 4.2;
				TARGETED_DEVICE_FAMILY = "1,2";
			};
			name = Debug;
		};
		2829B9D3233FD23300F50AC8 /* Release */ = {
			isa = XCBuildConfiguration;
			buildSettings = {
				ASSETCATALOG_COMPILER_APPICON_NAME = AppIcon;
				CODE_SIGN_STYLE = Automatic;
				INFOPLIST_FILE = QuizChallenge/Info.plist;
				LD_RUNPATH_SEARCH_PATHS = (
					"$(inherited)",
					"@executable_path/Frameworks",
				);
				PRODUCT_BUNDLE_IDENTIFIER = com.julio.QuizChallenge;
				PRODUCT_NAME = "$(TARGET_NAME)";
				SWIFT_VERSION = 4.2;
				TARGETED_DEVICE_FAMILY = "1,2";
			};
			name = Release;
		};
		2829B9D5233FD23300F50AC8 /* Debug */ = {
			isa = XCBuildConfiguration;
			buildSettings = {
				ALWAYS_EMBED_SWIFT_STANDARD_LIBRARIES = YES;
				BUNDLE_LOADER = "$(TEST_HOST)";
				CODE_SIGN_STYLE = Automatic;
				INFOPLIST_FILE = QuizChallengeTests/Info.plist;
				LD_RUNPATH_SEARCH_PATHS = (
					"$(inherited)",
					"@executable_path/Frameworks",
					"@loader_path/Frameworks",
				);
				PRODUCT_BUNDLE_IDENTIFIER = com.julio.QuizChallengeTests;
				PRODUCT_NAME = "$(TARGET_NAME)";
				SWIFT_VERSION = 4.2;
				TARGETED_DEVICE_FAMILY = "1,2";
				TEST_HOST = "$(BUILT_PRODUCTS_DIR)/QuizChallenge.app/QuizChallenge";
			};
			name = Debug;
		};
		2829B9D6233FD23300F50AC8 /* Release */ = {
			isa = XCBuildConfiguration;
			buildSettings = {
				ALWAYS_EMBED_SWIFT_STANDARD_LIBRARIES = YES;
				BUNDLE_LOADER = "$(TEST_HOST)";
				CODE_SIGN_STYLE = Automatic;
				INFOPLIST_FILE = QuizChallengeTests/Info.plist;
				LD_RUNPATH_SEARCH_PATHS = (
					"$(inherited)",
					"@executable_path/Frameworks",
					"@loader_path/Frameworks",
				);
				PRODUCT_BUNDLE_IDENTIFIER = com.julio.QuizChallengeTests;
				PRODUCT_NAME = "$(TARGET_NAME)";
				SWIFT_VERSION = 4.2;
				TARGETED_DEVICE_FAMILY = "1,2";
				TEST_HOST = "$(BUILT_PRODUCTS_DIR)/QuizChallenge.app/QuizChallenge";
			};
			name = Release;
		};
/* End XCBuildConfiguration section */

/* Begin XCConfigurationList section */
		2829B9AF233FD23200F50AC8 /* Build configuration list for PBXProject "QuizChallenge" */ = {
			isa = XCConfigurationList;
			buildConfigurations = (
				2829B9CF233FD23300F50AC8 /* Debug */,
				2829B9D0233FD23300F50AC8 /* Release */,
			);
			defaultConfigurationIsVisible = 0;
			defaultConfigurationName = Release;
		};
		2829B9D1233FD23300F50AC8 /* Build configuration list for PBXNativeTarget "QuizChallenge" */ = {
			isa = XCConfigurationList;
			buildConfigurations = (
				2829B9D2233FD23300F50AC8 /* Debug */,
				2829B9D3233FD23300F50AC8 /* Release */,
			);
			defaultConfigurationIsVisible = 0;
			defaultConfigurationName = Release;
		};
		2829B9D4233FD23300F50AC8 /* Build configuration list for PBXNativeTarget "QuizChallengeTests" */ = {
			isa = XCConfigurationList;
			buildConfigurations = (
				2829B9D5233FD23300F50AC8 /* Debug */,
				2829B9D6233FD23300F50AC8 /* Release */,
			);
			defaultConfigurationIsVisible = 0;
			defaultConfigurationName = Release;
		};
/* End XCConfigurationList section */
	};
	rootObject = 2829B9AC233FD23200F50AC8 /* Project object */;
}
